github.com/HugoBlox/hugo-blox-builder/modules/blox-bootstrap/v5 v5.9.6/go.mod h1:xZiTEEurbEwj/NhZohozvlyLCGVCT2wARHDAJeqKG/c=
github.com/HugoBlox/hugo-blox-builder/modules/blox-bootstrap/v5 v5.9.7 h1:QPek2BL723n+uM4DjyV97qNIoPsmt/vnKAQyaGJbgvQ=
github.com/HugoBlox/hugo-blox-builder/modules/blox-bootstrap/v5 v5.9.7/go.mod h1:xZiTEEurbEwj/NhZohozvlyLCGVCT2wARHDAJeqKG/c=
github.com/HugoBlox/hugo-blox-builder/modules/blox-core v0.3.1 h1:6GsVeNtYhzl14LLJRFRV1AonKGq8ZAduep/uiK5oEF4=
github.com/HugoBlox/hugo-blox-builder/modules/blox-core v0.3.1/go.mod h1:So8+V2U+TNxlXmcpZfdDX0muLh3PdJ7z92h30sv3bZg=
github.com/HugoBlox/hugo-blox-builder/modules/blox-plugin-netlify v1.1.1 h1:qlDCZWq7OhuwLr7/rDPXe8iGxam2t1kgLabZ9EP0VqM=
github.com/HugoBlox/hugo-blox-builder/modules/blox-plugin-netlify v1.1.1/go.mod h1:C7jfxMLv1bEUqbM9XDSmEpfOpS8w06OgqNDEcbuRgL4=
github.com/HugoBlox/hugo-blox-builder/modules/blox-seo v0.2.2 h1:ccb5jQLKqiFFht24e6+yW9eie1yIm81/K1xhs7ZHZlM=
github.com/HugoBlox/hugo-blox-builder/modules/blox-seo v0.2.2/go.mod h1:NsESu6cEms1DgH84icCyylElg2Zu8A0f7Fma5JR0LZE=
github.com/wowchemy/wowchemy-hugo-themes v5.5.1-0.20220924121832-460f6195421f+incompatible h1:bgpdeudDpdFSxAOPEVOHmHKXbHmlM7e4WuWfGMufGt0=
github.com/wowchemy/wowchemy-hugo-themes v5.5.1-0.20220924121832-460f6195421f+incompatible/go.mod h1:Z89FBMvZlzPJf5xnqSfNY/jxo/KZxiE8MH9TiPg0syA=
github.com/wowchemy/wowchemy-hugo-themes/modules/wowchemy-bootstrap/v5 v5.9.3 h1:GU0CCXbXSK+V+5Inufwz4DjuVk2DIWVLHxNlhzzl5Ck=
github.com/wowchemy/wowchemy-hugo-themes/modules/wowchemy-bootstrap/v5 v5.9.3/go.mod h1:gDiL2ik/lCO0iZFwnbQfxXQcLjxIVVumDAAk7HtzQSU=
github.com/wowchemy/wowchemy-hugo-themes/modules/wowchemy-core v0.1.0/go.mod h1:kJwI9H8dicHQCnP8G9EvUDI+oNg/yXcGsjGjwjXuM8I=
github.com/wowchemy/wowchemy-hugo-themes/modules/wowchemy-core v0.2.1-0.20231101183355-53a94b591ea8/go.mod h1:kJwI9H8dicHQCnP8G9EvUDI+oNg/yXcGsjGjwjXuM8I=
github.com/wowchemy/wowchemy-hugo-themes/modules/wowchemy-core v0.2.1-0.20231101183733-7b61e2f369e6/go.mod h1:kJwI9H8dicHQCnP8G9EvUDI+oNg/yXcGsjGjwjXuM8I=
github.com/wowchemy/wowchemy-hugo-themes/modules/wowchemy-plugin-netlify v1.0.0 h1:blRMoXNtlxnqXlVi4eCdPtTfVpJkH9J1f6tEKDXimCY=
github.com/wowchemy/wowchemy-hugo-themes/modules/wowchemy-plugin-netlify v1.0.0/go.mod h1:s40UgLsWfVyCLQ2F4F3dBcNfZOXcPGld7KxsKhZdzvM=
github.com/wowchemy/wowchemy-hugo-themes/modules/wowchemy-seo v0.1.0/go.mod h1:R01vz++1i/KR2n00aWGcs6m/L7ky1klbrpqA2KXjMCk=
github.com/wowchemy/wowchemy-hugo-themes/modules/wowchemy-seo v0.1.1-0.20231101183733-7b61e2f369e6/go.mod h1:ecSfomc5wqJSsZb+WuOJGMqCDxONsooRuWmIObTOpR0=
github.com/wowchemy/wowchemy-hugo-themes/modules/wowchemy/v5 v5.7.0 h1:j0H7ApKal0qdWWdFbT7S/F3XQ7959nO3+kA6lLN4jec=
github.com/wowchemy/wowchemy-hugo-themes/modules/wowchemy/v5 v5.7.0/go.mod h1:pxtkh2Fw4Vdwh2NvIYpCqhR0g7MgwVAxFN1lW9Rep44=
